// !$*UTF8*$!
{
	archiveVersion = 1;
	classes = {
	};
	objectVersion = 56;
	objects = {

/* Begin PBXBuildFile section */
		89107F722B01009500F35DED /* RioApp.swift in Sources */ = {isa = PBXBuildFile; fileRef = 89107F712B01009500F35DED /* RioApp.swift */; };
		89107F742B01009500F35DED /* ContentView.swift in Sources */ = {isa = PBXBuildFile; fileRef = 89107F732B01009500F35DED /* ContentView.swift */; };
		89107F762B01009600F35DED /* Assets.xcassets in Resources */ = {isa = PBXBuildFile; fileRef = 89107F752B01009600F35DED /* Assets.xcassets */; };
		89107F7A2B01009600F35DED /* Preview Assets.xcassets in Resources */ = {isa = PBXBuildFile; fileRef = 89107F792B01009600F35DED /* Preview Assets.xcassets */; };
		89107F842B01009600F35DED /* RioTests.swift in Sources */ = {isa = PBXBuildFile; fileRef = 89107F832B01009600F35DED /* RioTests.swift */; };
		89107F8E2B01009600F35DED /* RioUITests.swift in Sources */ = {isa = PBXBuildFile; fileRef = 89107F8D2B01009600F35DED /* RioUITests.swift */; };
		89107F902B01009600F35DED /* RioUITestsLaunchTests.swift in Sources */ = {isa = PBXBuildFile; fileRef = 89107F8F2B01009600F35DED /* RioUITestsLaunchTests.swift */; };
		89107FA02B01026100F35DED /* Panel.swift in Sources */ = {isa = PBXBuildFile; fileRef = 89107F9F2B01026100F35DED /* Panel.swift */; };
		89107FA42B01032D00F35DED /* PanelGroup.swift in Sources */ = {isa = PBXBuildFile; fileRef = 89107FA32B01032D00F35DED /* PanelGroup.swift */; };
		89107FA62B01046F00F35DED /* PanelSection.swift in Sources */ = {isa = PBXBuildFile; fileRef = 89107FA52B01046F00F35DED /* PanelSection.swift */; };
		89107FA82B01062B00F35DED /* SidebarView.swift in Sources */ = {isa = PBXBuildFile; fileRef = 89107FA72B01062B00F35DED /* SidebarView.swift */; };
		89107FAA2B01064F00F35DED /* PanelView.swift in Sources */ = {isa = PBXBuildFile; fileRef = 89107FA92B01064F00F35DED /* PanelView.swift */; };
/* End PBXBuildFile section */

/* Begin PBXContainerItemProxy section */
		89107F802B01009600F35DED /* PBXContainerItemProxy */ = {
			isa = PBXContainerItemProxy;
			containerPortal = 89107F662B01009400F35DED /* Project object */;
			proxyType = 1;
			remoteGlobalIDString = 89107F6D2B01009500F35DED;
			remoteInfo = Rio;
		};
		89107F8A2B01009600F35DED /* PBXContainerItemProxy */ = {
			isa = PBXContainerItemProxy;
			containerPortal = 89107F662B01009400F35DED /* Project object */;
			proxyType = 1;
			remoteGlobalIDString = 89107F6D2B01009500F35DED;
			remoteInfo = Rio;
		};
/* End PBXContainerItemProxy section */

/* Begin PBXFileReference section */
		89107F6E2B01009500F35DED /* Rio.app */ = {isa = PBXFileReference; explicitFileType = wrapper.application; includeInIndex = 0; path = Rio.app; sourceTree = BUILT_PRODUCTS_DIR; };
		89107F712B01009500F35DED /* RioApp.swift */ = {isa = PBXFileReference; lastKnownFileType = sourcecode.swift; path = RioApp.swift; sourceTree = "<group>"; };
		89107F732B01009500F35DED /* ContentView.swift */ = {isa = PBXFileReference; lastKnownFileType = sourcecode.swift; path = ContentView.swift; sourceTree = "<group>"; };
		89107F752B01009600F35DED /* Assets.xcassets */ = {isa = PBXFileReference; lastKnownFileType = folder.assetcatalog; path = Assets.xcassets; sourceTree = "<group>"; };
		89107F772B01009600F35DED /* Rio.entitlements */ = {isa = PBXFileReference; lastKnownFileType = text.plist.entitlements; path = Rio.entitlements; sourceTree = "<group>"; };
		89107F792B01009600F35DED /* Preview Assets.xcassets */ = {isa = PBXFileReference; lastKnownFileType = folder.assetcatalog; path = "Preview Assets.xcassets"; sourceTree = "<group>"; };
		89107F7F2B01009600F35DED /* RioTests.xctest */ = {isa = PBXFileReference; explicitFileType = wrapper.cfbundle; includeInIndex = 0; path = RioTests.xctest; sourceTree = BUILT_PRODUCTS_DIR; };
		89107F832B01009600F35DED /* RioTests.swift */ = {isa = PBXFileReference; lastKnownFileType = sourcecode.swift; path = RioTests.swift; sourceTree = "<group>"; };
		89107F892B01009600F35DED /* RioUITests.xctest */ = {isa = PBXFileReference; explicitFileType = wrapper.cfbundle; includeInIndex = 0; path = RioUITests.xctest; sourceTree = BUILT_PRODUCTS_DIR; };
		89107F8D2B01009600F35DED /* RioUITests.swift */ = {isa = PBXFileReference; lastKnownFileType = sourcecode.swift; path = RioUITests.swift; sourceTree = "<group>"; };
		89107F8F2B01009600F35DED /* RioUITestsLaunchTests.swift */ = {isa = PBXFileReference; lastKnownFileType = sourcecode.swift; path = RioUITestsLaunchTests.swift; sourceTree = "<group>"; };
		89107F9F2B01026100F35DED /* Panel.swift */ = {isa = PBXFileReference; lastKnownFileType = sourcecode.swift; path = Panel.swift; sourceTree = "<group>"; };
		89107FA32B01032D00F35DED /* PanelGroup.swift */ = {isa = PBXFileReference; lastKnownFileType = sourcecode.swift; path = PanelGroup.swift; sourceTree = "<group>"; };
		89107FA52B01046F00F35DED /* PanelSection.swift */ = {isa = PBXFileReference; lastKnownFileType = sourcecode.swift; path = PanelSection.swift; sourceTree = "<group>"; };
		89107FA72B01062B00F35DED /* SidebarView.swift */ = {isa = PBXFileReference; lastKnownFileType = sourcecode.swift; path = SidebarView.swift; sourceTree = "<group>"; };
		89107FA92B01064F00F35DED /* PanelView.swift */ = {isa = PBXFileReference; lastKnownFileType = sourcecode.swift; path = PanelView.swift; sourceTree = "<group>"; };
/* End PBXFileReference section */

/* Begin PBXFrameworksBuildPhase section */
		89107F6B2B01009500F35DED /* Frameworks */ = {
			isa = PBXFrameworksBuildPhase;
			buildActionMask = 2147483647;
			files = (
			);
			runOnlyForDeploymentPostprocessing = 0;
		};
		89107F7C2B01009600F35DED /* Frameworks */ = {
			isa = PBXFrameworksBuildPhase;
			buildActionMask = 2147483647;
			files = (
			);
			runOnlyForDeploymentPostprocessing = 0;
		};
		89107F862B01009600F35DED /* Frameworks */ = {
			isa = PBXFrameworksBuildPhase;
			buildActionMask = 2147483647;
			files = (
			);
			runOnlyForDeploymentPostprocessing = 0;
		};
/* End PBXFrameworksBuildPhase section */

/* Begin PBXGroup section */
		89107F652B01009400F35DED = {
			isa = PBXGroup;
			children = (
				89107F702B01009500F35DED /* Rio */,
				89107F822B01009600F35DED /* RioTests */,
				89107F8C2B01009600F35DED /* RioUITests */,
				89107F6F2B01009500F35DED /* Products */,
			);
			sourceTree = "<group>";
		};
		89107F6F2B01009500F35DED /* Products */ = {
			isa = PBXGroup;
			children = (
				89107F6E2B01009500F35DED /* Rio.app */,
				89107F7F2B01009600F35DED /* RioTests.xctest */,
				89107F892B01009600F35DED /* RioUITests.xctest */,
			);
			name = Products;
			sourceTree = "<group>";
		};
		89107F702B01009500F35DED /* Rio */ = {
			isa = PBXGroup;
			children = (
				89107F9C2B0101E500F35DED /* Model */,
				89107F712B01009500F35DED /* RioApp.swift */,
				89107FA92B01064F00F35DED /* PanelView.swift */,
				89107F732B01009500F35DED /* ContentView.swift */,
				89107FA72B01062B00F35DED /* SidebarView.swift */,
				89107F752B01009600F35DED /* Assets.xcassets */,
				89107F772B01009600F35DED /* Rio.entitlements */,
				89107F782B01009600F35DED /* Preview Content */,
			);
			path = Rio;
			sourceTree = "<group>";
		};
		89107F782B01009600F35DED /* Preview Content */ = {
			isa = PBXGroup;
			children = (
				89107F792B01009600F35DED /* Preview Assets.xcassets */,
			);
			path = "Preview Content";
			sourceTree = "<group>";
		};
		89107F822B01009600F35DED /* RioTests */ = {
			isa = PBXGroup;
			children = (
				89107F832B01009600F35DED /* RioTests.swift */,
			);
			path = RioTests;
			sourceTree = "<group>";
		};
		89107F8C2B01009600F35DED /* RioUITests */ = {
			isa = PBXGroup;
			children = (
				89107F8D2B01009600F35DED /* RioUITests.swift */,
				89107F8F2B01009600F35DED /* RioUITestsLaunchTests.swift */,
			);
			path = RioUITests;
			sourceTree = "<group>";
		};
		89107F9C2B0101E500F35DED /* Model */ = {
			isa = PBXGroup;
			children = (
				89107F9F2B01026100F35DED /* Panel.swift */,
				89107FA32B01032D00F35DED /* PanelGroup.swift */,
				89107FA52B01046F00F35DED /* PanelSection.swift */,
			);
			path = Model;
			sourceTree = "<group>";
		};
/* End PBXGroup section */

/* Begin PBXNativeTarget section */
		89107F6D2B01009500F35DED /* Rio */ = {
			isa = PBXNativeTarget;
			buildConfigurationList = 89107F932B01009600F35DED /* Build configuration list for PBXNativeTarget "Rio" */;
			buildPhases = (
				89107F6A2B01009500F35DED /* Sources */,
				89107F6B2B01009500F35DED /* Frameworks */,
				89107F6C2B01009500F35DED /* Resources */,
			);
			buildRules = (
			);
			dependencies = (
			);
			name = Rio;
			productName = Rio;
			productReference = 89107F6E2B01009500F35DED /* Rio.app */;
			productType = "com.apple.product-type.application";
		};
		89107F7E2B01009600F35DED /* RioTests */ = {
			isa = PBXNativeTarget;
			buildConfigurationList = 89107F962B01009600F35DED /* Build configuration list for PBXNativeTarget "RioTests" */;
			buildPhases = (
				89107F7B2B01009600F35DED /* Sources */,
				89107F7C2B01009600F35DED /* Frameworks */,
				89107F7D2B01009600F35DED /* Resources */,
			);
			buildRules = (
			);
			dependencies = (
				89107F812B01009600F35DED /* PBXTargetDependency */,
			);
			name = RioTests;
			productName = RioTests;
			productReference = 89107F7F2B01009600F35DED /* RioTests.xctest */;
			productType = "com.apple.product-type.bundle.unit-test";
		};
		89107F882B01009600F35DED /* RioUITests */ = {
			isa = PBXNativeTarget;
			buildConfigurationList = 89107F992B01009600F35DED /* Build configuration list for PBXNativeTarget "RioUITests" */;
			buildPhases = (
				89107F852B01009600F35DED /* Sources */,
				89107F862B01009600F35DED /* Frameworks */,
				89107F872B01009600F35DED /* Resources */,
			);
			buildRules = (
			);
			dependencies = (
				89107F8B2B01009600F35DED /* PBXTargetDependency */,
			);
			name = RioUITests;
			productName = RioUITests;
			productReference = 89107F892B01009600F35DED /* RioUITests.xctest */;
			productType = "com.apple.product-type.bundle.ui-testing";
		};
/* End PBXNativeTarget section */

/* Begin PBXProject section */
		89107F662B01009400F35DED /* Project object */ = {
			isa = PBXProject;
			attributes = {
				BuildIndependentTargetsInParallel = 1;
				LastSwiftUpdateCheck = 1500;
				LastUpgradeCheck = 1500;
				TargetAttributes = {
					89107F6D2B01009500F35DED = {
						CreatedOnToolsVersion = 15.0.1;
					};
					89107F7E2B01009600F35DED = {
						CreatedOnToolsVersion = 15.0.1;
						TestTargetID = 89107F6D2B01009500F35DED;
					};
					89107F882B01009600F35DED = {
						CreatedOnToolsVersion = 15.0.1;
						TestTargetID = 89107F6D2B01009500F35DED;
					};
				};
			};
			buildConfigurationList = 89107F692B01009400F35DED /* Build configuration list for PBXProject "Rio" */;
			compatibilityVersion = "Xcode 14.0";
			developmentRegion = en;
			hasScannedForEncodings = 0;
			knownRegions = (
				en,
				Base,
			);
			mainGroup = 89107F652B01009400F35DED;
			productRefGroup = 89107F6F2B01009500F35DED /* Products */;
			projectDirPath = "";
			projectRoot = "";
			targets = (
				89107F6D2B01009500F35DED /* Rio */,
				89107F7E2B01009600F35DED /* RioTests */,
				89107F882B01009600F35DED /* RioUITests */,
			);
		};
/* End PBXProject section */

/* Begin PBXResourcesBuildPhase section */
		89107F6C2B01009500F35DED /* Resources */ = {
			isa = PBXResourcesBuildPhase;
			buildActionMask = 2147483647;
			files = (
				89107F7A2B01009600F35DED /* Preview Assets.xcassets in Resources */,
				89107F762B01009600F35DED /* Assets.xcassets in Resources */,
			);
			runOnlyForDeploymentPostprocessing = 0;
		};
		89107F7D2B01009600F35DED /* Resources */ = {
			isa = PBXResourcesBuildPhase;
			buildActionMask = 2147483647;
			files = (
			);
			runOnlyForDeploymentPostprocessing = 0;
		};
		89107F872B01009600F35DED /* Resources */ = {
			isa = PBXResourcesBuildPhase;
			buildActionMask = 2147483647;
			files = (
			);
			runOnlyForDeploymentPostprocessing = 0;
		};
/* End PBXResourcesBuildPhase section */

/* Begin PBXSourcesBuildPhase section */
		89107F6A2B01009500F35DED /* Sources */ = {
			isa = PBXSourcesBuildPhase;
			buildActionMask = 2147483647;
			files = (
				89107FAA2B01064F00F35DED /* PanelView.swift in Sources */,
				89107FA62B01046F00F35DED /* PanelSection.swift in Sources */,
				89107FA42B01032D00F35DED /* PanelGroup.swift in Sources */,
				89107F742B01009500F35DED /* ContentView.swift in Sources */,
				89107FA02B01026100F35DED /* Panel.swift in Sources */,
				89107F722B01009500F35DED /* RioApp.swift in Sources */,
				89107FA82B01062B00F35DED /* SidebarView.swift in Sources */,
			);
			runOnlyForDeploymentPostprocessing = 0;
		};
		89107F7B2B01009600F35DED /* Sources */ = {
			isa = PBXSourcesBuildPhase;
			buildActionMask = 2147483647;
			files = (
				89107F842B01009600F35DED /* RioTests.swift in Sources */,
			);
			runOnlyForDeploymentPostprocessing = 0;
		};
		89107F852B01009600F35DED /* Sources */ = {
			isa = PBXSourcesBuildPhase;
			buildActionMask = 2147483647;
			files = (
				89107F8E2B01009600F35DED /* RioUITests.swift in Sources */,
				89107F902B01009600F35DED /* RioUITestsLaunchTests.swift in Sources */,
			);
			runOnlyForDeploymentPostprocessing = 0;
		};
/* End PBXSourcesBuildPhase section */

/* Begin PBXTargetDependency section */
		89107F812B01009600F35DED /* PBXTargetDependency */ = {
			isa = PBXTargetDependency;
			target = 89107F6D2B01009500F35DED /* Rio */;
			targetProxy = 89107F802B01009600F35DED /* PBXContainerItemProxy */;
		};
		89107F8B2B01009600F35DED /* PBXTargetDependency */ = {
			isa = PBXTargetDependency;
			target = 89107F6D2B01009500F35DED /* Rio */;
			targetProxy = 89107F8A2B01009600F35DED /* PBXContainerItemProxy */;
		};
/* End PBXTargetDependency section */

/* Begin XCBuildConfiguration section */
		89107F912B01009600F35DED /* Debug */ = {
			isa = XCBuildConfiguration;
			buildSettings = {
				ALWAYS_SEARCH_USER_PATHS = NO;
				ASSETCATALOG_COMPILER_GENERATE_SWIFT_ASSET_SYMBOL_EXTENSIONS = YES;
				CLANG_ANALYZER_NONNULL = YES;
				CLANG_ANALYZER_NUMBER_OBJECT_CONVERSION = YES_AGGRESSIVE;
				CLANG_CXX_LANGUAGE_STANDARD = "gnu++20";
				CLANG_ENABLE_MODULES = YES;
				CLANG_ENABLE_OBJC_ARC = YES;
				CLANG_ENABLE_OBJC_WEAK = YES;
				CLANG_WARN_BLOCK_CAPTURE_AUTORELEASING = YES;
				CLANG_WARN_BOOL_CONVERSION = YES;
				CLANG_WARN_COMMA = YES;
				CLANG_WARN_CONSTANT_CONVERSION = YES;
				CLANG_WARN_DEPRECATED_OBJC_IMPLEMENTATIONS = YES;
				CLANG_WARN_DIRECT_OBJC_ISA_USAGE = YES_ERROR;
				CLANG_WARN_DOCUMENTATION_COMMENTS = YES;
				CLANG_WARN_EMPTY_BODY = YES;
				CLANG_WARN_ENUM_CONVERSION = YES;
				CLANG_WARN_INFINITE_RECURSION = YES;
				CLANG_WARN_INT_CONVERSION = YES;
				CLANG_WARN_NON_LITERAL_NULL_CONVERSION = YES;
				CLANG_WARN_OBJC_IMPLICIT_RETAIN_SELF = YES;
				CLANG_WARN_OBJC_LITERAL_CONVERSION = YES;
				CLANG_WARN_OBJC_ROOT_CLASS = YES_ERROR;
				CLANG_WARN_QUOTED_INCLUDE_IN_FRAMEWORK_HEADER = YES;
				CLANG_WARN_RANGE_LOOP_ANALYSIS = YES;
				CLANG_WARN_STRICT_PROTOTYPES = YES;
				CLANG_WARN_SUSPICIOUS_MOVE = YES;
				CLANG_WARN_UNGUARDED_AVAILABILITY = YES_AGGRESSIVE;
				CLANG_WARN_UNREACHABLE_CODE = YES;
				CLANG_WARN__DUPLICATE_METHOD_MATCH = YES;
				COPY_PHASE_STRIP = NO;
				DEBUG_INFORMATION_FORMAT = dwarf;
				ENABLE_STRICT_OBJC_MSGSEND = YES;
				ENABLE_TESTABILITY = YES;
				ENABLE_USER_SCRIPT_SANDBOXING = YES;
				GCC_C_LANGUAGE_STANDARD = gnu17;
				GCC_DYNAMIC_NO_PIC = NO;
				GCC_NO_COMMON_BLOCKS = YES;
				GCC_OPTIMIZATION_LEVEL = 0;
				GCC_PREPROCESSOR_DEFINITIONS = (
					"DEBUG=1",
					"$(inherited)",
				);
				GCC_WARN_64_TO_32_BIT_CONVERSION = YES;
				GCC_WARN_ABOUT_RETURN_TYPE = YES_ERROR;
				GCC_WARN_UNDECLARED_SELECTOR = YES;
				GCC_WARN_UNINITIALIZED_AUTOS = YES_AGGRESSIVE;
				GCC_WARN_UNUSED_FUNCTION = YES;
				GCC_WARN_UNUSED_VARIABLE = YES;
				LOCALIZATION_PREFERS_STRING_CATALOGS = YES;
				MTL_ENABLE_DEBUG_INFO = INCLUDE_SOURCE;
				MTL_FAST_MATH = YES;
				ONLY_ACTIVE_ARCH = YES;
				SWIFT_ACTIVE_COMPILATION_CONDITIONS = "DEBUG $(inherited)";
				SWIFT_OPTIMIZATION_LEVEL = "-Onone";
			};
			name = Debug;
		};
		89107F922B01009600F35DED /* Release */ = {
			isa = XCBuildConfiguration;
			buildSettings = {
				ALWAYS_SEARCH_USER_PATHS = NO;
				ASSETCATALOG_COMPILER_GENERATE_SWIFT_ASSET_SYMBOL_EXTENSIONS = YES;
				CLANG_ANALYZER_NONNULL = YES;
				CLANG_ANALYZER_NUMBER_OBJECT_CONVERSION = YES_AGGRESSIVE;
				CLANG_CXX_LANGUAGE_STANDARD = "gnu++20";
				CLANG_ENABLE_MODULES = YES;
				CLANG_ENABLE_OBJC_ARC = YES;
				CLANG_ENABLE_OBJC_WEAK = YES;
				CLANG_WARN_BLOCK_CAPTURE_AUTORELEASING = YES;
				CLANG_WARN_BOOL_CONVERSION = YES;
				CLANG_WARN_COMMA = YES;
				CLANG_WARN_CONSTANT_CONVERSION = YES;
				CLANG_WARN_DEPRECATED_OBJC_IMPLEMENTATIONS = YES;
				CLANG_WARN_DIRECT_OBJC_ISA_USAGE = YES_ERROR;
				CLANG_WARN_DOCUMENTATION_COMMENTS = YES;
				CLANG_WARN_EMPTY_BODY = YES;
				CLANG_WARN_ENUM_CONVERSION = YES;
				CLANG_WARN_INFINITE_RECURSION = YES;
				CLANG_WARN_INT_CONVERSION = YES;
				CLANG_WARN_NON_LITERAL_NULL_CONVERSION = YES;
				CLANG_WARN_OBJC_IMPLICIT_RETAIN_SELF = YES;
				CLANG_WARN_OBJC_LITERAL_CONVERSION = YES;
				CLANG_WARN_OBJC_ROOT_CLASS = YES_ERROR;
				CLANG_WARN_QUOTED_INCLUDE_IN_FRAMEWORK_HEADER = YES;
				CLANG_WARN_RANGE_LOOP_ANALYSIS = YES;
				CLANG_WARN_STRICT_PROTOTYPES = YES;
				CLANG_WARN_SUSPICIOUS_MOVE = YES;
				CLANG_WARN_UNGUARDED_AVAILABILITY = YES_AGGRESSIVE;
				CLANG_WARN_UNREACHABLE_CODE = YES;
				CLANG_WARN__DUPLICATE_METHOD_MATCH = YES;
				COPY_PHASE_STRIP = NO;
				DEBUG_INFORMATION_FORMAT = "dwarf-with-dsym";
				ENABLE_NS_ASSERTIONS = NO;
				ENABLE_STRICT_OBJC_MSGSEND = YES;
				ENABLE_USER_SCRIPT_SANDBOXING = YES;
				GCC_C_LANGUAGE_STANDARD = gnu17;
				GCC_NO_COMMON_BLOCKS = YES;
				GCC_WARN_64_TO_32_BIT_CONVERSION = YES;
				GCC_WARN_ABOUT_RETURN_TYPE = YES_ERROR;
				GCC_WARN_UNDECLARED_SELECTOR = YES;
				GCC_WARN_UNINITIALIZED_AUTOS = YES_AGGRESSIVE;
				GCC_WARN_UNUSED_FUNCTION = YES;
				GCC_WARN_UNUSED_VARIABLE = YES;
				LOCALIZATION_PREFERS_STRING_CATALOGS = YES;
				MTL_ENABLE_DEBUG_INFO = NO;
				MTL_FAST_MATH = YES;
				SWIFT_COMPILATION_MODE = wholemodule;
			};
			name = Release;
		};
		89107F942B01009600F35DED /* Debug */ = {
			isa = XCBuildConfiguration;
			buildSettings = {
				ASSETCATALOG_COMPILER_APPICON_NAME = AppIcon;
				ASSETCATALOG_COMPILER_GLOBAL_ACCENT_COLOR_NAME = AccentColor;
				CODE_SIGN_ENTITLEMENTS = Rio/Rio.entitlements;
				CODE_SIGN_STYLE = Automatic;
				CURRENT_PROJECT_VERSION = 1;
				DEVELOPMENT_ASSET_PATHS = "\"Rio/Preview Content\"";
				DEVELOPMENT_TEAM = V3V92VA6SS;
				ENABLE_HARDENED_RUNTIME = YES;
				ENABLE_PREVIEWS = YES;
				GENERATE_INFOPLIST_FILE = YES;
				"INFOPLIST_KEY_UIApplicationSceneManifest_Generation[sdk=iphoneos*]" = YES;
				"INFOPLIST_KEY_UIApplicationSceneManifest_Generation[sdk=iphonesimulator*]" = YES;
				"INFOPLIST_KEY_UIApplicationSupportsIndirectInputEvents[sdk=iphoneos*]" = YES;
				"INFOPLIST_KEY_UIApplicationSupportsIndirectInputEvents[sdk=iphonesimulator*]" = YES;
				"INFOPLIST_KEY_UILaunchScreen_Generation[sdk=iphoneos*]" = YES;
				"INFOPLIST_KEY_UILaunchScreen_Generation[sdk=iphonesimulator*]" = YES;
				"INFOPLIST_KEY_UIStatusBarStyle[sdk=iphoneos*]" = UIStatusBarStyleDefault;
				"INFOPLIST_KEY_UIStatusBarStyle[sdk=iphonesimulator*]" = UIStatusBarStyleDefault;
				INFOPLIST_KEY_UISupportedInterfaceOrientations_iPad = "UIInterfaceOrientationPortrait UIInterfaceOrientationPortraitUpsideDown UIInterfaceOrientationLandscapeLeft UIInterfaceOrientationLandscapeRight";
				INFOPLIST_KEY_UISupportedInterfaceOrientations_iPhone = "UIInterfaceOrientationPortrait UIInterfaceOrientationLandscapeLeft UIInterfaceOrientationLandscapeRight";
				IPHONEOS_DEPLOYMENT_TARGET = 17.0;
				LD_RUNPATH_SEARCH_PATHS = "@executable_path/Frameworks";
				"LD_RUNPATH_SEARCH_PATHS[sdk=macosx*]" = "@executable_path/../Frameworks";
				MACOSX_DEPLOYMENT_TARGET = 13.6;
				MARKETING_VERSION = 1.0;
				PRODUCT_BUNDLE_IDENTIFIER = raphaelamorim.Rio;
				PRODUCT_NAME = "$(TARGET_NAME)";
				SDKROOT = auto;
				SUPPORTED_PLATFORMS = "iphoneos iphonesimulator macosx";
				SWIFT_EMIT_LOC_STRINGS = YES;
				SWIFT_VERSION = 5.0;
				TARGETED_DEVICE_FAMILY = "1,2";
			};
			name = Debug;
		};
		89107F952B01009600F35DED /* Release */ = {
			isa = XCBuildConfiguration;
			buildSettings = {
				ASSETCATALOG_COMPILER_APPICON_NAME = AppIcon;
				ASSETCATALOG_COMPILER_GLOBAL_ACCENT_COLOR_NAME = AccentColor;
				CODE_SIGN_ENTITLEMENTS = Rio/Rio.entitlements;
				CODE_SIGN_STYLE = Automatic;
				CURRENT_PROJECT_VERSION = 1;
				DEVELOPMENT_ASSET_PATHS = "\"Rio/Preview Content\"";
				DEVELOPMENT_TEAM = V3V92VA6SS;
				ENABLE_HARDENED_RUNTIME = YES;
				ENABLE_PREVIEWS = YES;
				GENERATE_INFOPLIST_FILE = YES;
				"INFOPLIST_KEY_UIApplicationSceneManifest_Generation[sdk=iphoneos*]" = YES;
				"INFOPLIST_KEY_UIApplicationSceneManifest_Generation[sdk=iphonesimulator*]" = YES;
				"INFOPLIST_KEY_UIApplicationSupportsIndirectInputEvents[sdk=iphoneos*]" = YES;
				"INFOPLIST_KEY_UIApplicationSupportsIndirectInputEvents[sdk=iphonesimulator*]" = YES;
				"INFOPLIST_KEY_UILaunchScreen_Generation[sdk=iphoneos*]" = YES;
				"INFOPLIST_KEY_UILaunchScreen_Generation[sdk=iphonesimulator*]" = YES;
				"INFOPLIST_KEY_UIStatusBarStyle[sdk=iphoneos*]" = UIStatusBarStyleDefault;
				"INFOPLIST_KEY_UIStatusBarStyle[sdk=iphonesimulator*]" = UIStatusBarStyleDefault;
				INFOPLIST_KEY_UISupportedInterfaceOrientations_iPad = "UIInterfaceOrientationPortrait UIInterfaceOrientationPortraitUpsideDown UIInterfaceOrientationLandscapeLeft UIInterfaceOrientationLandscapeRight";
				INFOPLIST_KEY_UISupportedInterfaceOrientations_iPhone = "UIInterfaceOrientationPortrait UIInterfaceOrientationLandscapeLeft UIInterfaceOrientationLandscapeRight";
				IPHONEOS_DEPLOYMENT_TARGET = 17.0;
				LD_RUNPATH_SEARCH_PATHS = "@executable_path/Frameworks";
				"LD_RUNPATH_SEARCH_PATHS[sdk=macosx*]" = "@executable_path/../Frameworks";
				MACOSX_DEPLOYMENT_TARGET = 13.6;
				MARKETING_VERSION = 1.0;
				PRODUCT_BUNDLE_IDENTIFIER = raphaelamorim.Rio;
				PRODUCT_NAME = "$(TARGET_NAME)";
				SDKROOT = auto;
				SUPPORTED_PLATFORMS = "iphoneos iphonesimulator macosx";
				SWIFT_EMIT_LOC_STRINGS = YES;
				SWIFT_VERSION = 5.0;
				TARGETED_DEVICE_FAMILY = "1,2";
			};
			name = Release;
		};
		89107F972B01009600F35DED /* Debug */ = {
			isa = XCBuildConfiguration;
			buildSettings = {
				ALWAYS_EMBED_SWIFT_STANDARD_LIBRARIES = YES;
				BUNDLE_LOADER = "$(TEST_HOST)";
				CODE_SIGN_STYLE = Automatic;
				CURRENT_PROJECT_VERSION = 1;
				DEVELOPMENT_TEAM = V3V92VA6SS;
				GENERATE_INFOPLIST_FILE = YES;
				IPHONEOS_DEPLOYMENT_TARGET = 17.0;
				MACOSX_DEPLOYMENT_TARGET = 13.6;
				MARKETING_VERSION = 1.0;
				PRODUCT_BUNDLE_IDENTIFIER = raphaelamorim.RioTests;
				PRODUCT_NAME = "$(TARGET_NAME)";
				SDKROOT = auto;
				SUPPORTED_PLATFORMS = "iphoneos iphonesimulator macosx";
				SWIFT_EMIT_LOC_STRINGS = NO;
				SWIFT_VERSION = 5.0;
				TARGETED_DEVICE_FAMILY = "1,2";
				TEST_HOST = "$(BUILT_PRODUCTS_DIR)/Rio.app/$(BUNDLE_EXECUTABLE_FOLDER_PATH)/Rio";
			};
			name = Debug;
		};
		89107F982B01009600F35DED /* Release */ = {
			isa = XCBuildConfiguration;
			buildSettings = {
				ALWAYS_EMBED_SWIFT_STANDARD_LIBRARIES = YES;
				BUNDLE_LOADER = "$(TEST_HOST)";
				CODE_SIGN_STYLE = Automatic;
				CURRENT_PROJECT_VERSION = 1;
				DEVELOPMENT_TEAM = V3V92VA6SS;
				GENERATE_INFOPLIST_FILE = YES;
				IPHONEOS_DEPLOYMENT_TARGET = 17.0;
				MACOSX_DEPLOYMENT_TARGET = 13.6;
				MARKETING_VERSION = 1.0;
				PRODUCT_BUNDLE_IDENTIFIER = raphaelamorim.RioTests;
				PRODUCT_NAME = "$(TARGET_NAME)";
				SDKROOT = auto;
				SUPPORTED_PLATFORMS = "iphoneos iphonesimulator macosx";
				SWIFT_EMIT_LOC_STRINGS = NO;
				SWIFT_VERSION = 5.0;
				TARGETED_DEVICE_FAMILY = "1,2";
				TEST_HOST = "$(BUILT_PRODUCTS_DIR)/Rio.app/$(BUNDLE_EXECUTABLE_FOLDER_PATH)/Rio";
			};
			name = Release;
		};
		89107F9A2B01009600F35DED /* Debug */ = {
			isa = XCBuildConfiguration;
			buildSettings = {
				ALWAYS_EMBED_SWIFT_STANDARD_LIBRARIES = YES;
				CODE_SIGN_STYLE = Automatic;
				CURRENT_PROJECT_VERSION = 1;
				DEVELOPMENT_TEAM = V3V92VA6SS;
				GENERATE_INFOPLIST_FILE = YES;
				IPHONEOS_DEPLOYMENT_TARGET = 17.0;
				MACOSX_DEPLOYMENT_TARGET = 13.6;
				MARKETING_VERSION = 1.0;
				PRODUCT_BUNDLE_IDENTIFIER = raphaelamorim.RioUITests;
				PRODUCT_NAME = "$(TARGET_NAME)";
				SDKROOT = auto;
				SUPPORTED_PLATFORMS = "iphoneos iphonesimulator macosx";
				SWIFT_EMIT_LOC_STRINGS = NO;
				SWIFT_VERSION = 5.0;
				TARGETED_DEVICE_FAMILY = "1,2";
				TEST_TARGET_NAME = Rio;
			};
			name = Debug;
		};
		89107F9B2B01009600F35DED /* Release */ = {
			isa = XCBuildConfiguration;
			buildSettings = {
				ALWAYS_EMBED_SWIFT_STANDARD_LIBRARIES = YES;
				CODE_SIGN_STYLE = Automatic;
				CURRENT_PROJECT_VERSION = 1;
				DEVELOPMENT_TEAM = V3V92VA6SS;
				GENERATE_INFOPLIST_FILE = YES;
				IPHONEOS_DEPLOYMENT_TARGET = 17.0;
				MACOSX_DEPLOYMENT_TARGET = 13.6;
				MARKETING_VERSION = 1.0;
				PRODUCT_BUNDLE_IDENTIFIER = raphaelamorim.RioUITests;
				PRODUCT_NAME = "$(TARGET_NAME)";
				SDKROOT = auto;
				SUPPORTED_PLATFORMS = "iphoneos iphonesimulator macosx";
				SWIFT_EMIT_LOC_STRINGS = NO;
				SWIFT_VERSION = 5.0;
				TARGETED_DEVICE_FAMILY = "1,2";
				TEST_TARGET_NAME = Rio;
			};
			name = Release;
		};
/* End XCBuildConfiguration section */

/* Begin XCConfigurationList section */
		89107F692B01009400F35DED /* Build configuration list for PBXProject "Rio" */ = {
			isa = XCConfigurationList;
			buildConfigurations = (
				89107F912B01009600F35DED /* Debug */,
				89107F922B01009600F35DED /* Release */,
			);
			defaultConfigurationIsVisible = 0;
			defaultConfigurationName = Release;
		};
		89107F932B01009600F35DED /* Build configuration list for PBXNativeTarget "Rio" */ = {
			isa = XCConfigurationList;
			buildConfigurations = (
				89107F942B01009600F35DED /* Debug */,
				89107F952B01009600F35DED /* Release */,
			);
			defaultConfigurationIsVisible = 0;
			defaultConfigurationName = Release;
		};
		89107F962B01009600F35DED /* Build configuration list for PBXNativeTarget "RioTests" */ = {
			isa = XCConfigurationList;
			buildConfigurations = (
				89107F972B01009600F35DED /* Debug */,
				89107F982B01009600F35DED /* Release */,
			);
			defaultConfigurationIsVisible = 0;
			defaultConfigurationName = Release;
		};
		89107F992B01009600F35DED /* Build configuration list for PBXNativeTarget "RioUITests" */ = {
			isa = XCConfigurationList;
			buildConfigurations = (
				89107F9A2B01009600F35DED /* Debug */,
				89107F9B2B01009600F35DED /* Release */,
			);
			defaultConfigurationIsVisible = 0;
			defaultConfigurationName = Release;
		};
/* End XCConfigurationList section */
	};
	rootObject = 89107F662B01009400F35DED /* Project object */;
}
